// !$*UTF8*$!
{
	archiveVersion = 1;
	classes = {
	};
	objectVersion = 50;
	objects = {

/* Begin PBXBuildFile section */
		1F36DC2B250CE24B0078BC4A /* AppDelegate.swift in Sources */ = {isa = PBXBuildFile; fileRef = 1F36DC2A250CE24B0078BC4A /* AppDelegate.swift */; };
		1F36DC2D250CE24B0078BC4A /* SceneDelegate.swift in Sources */ = {isa = PBXBuildFile; fileRef = 1F36DC2C250CE24B0078BC4A /* SceneDelegate.swift */; };
		1F36DC34250CE24E0078BC4A /* Assets.xcassets in Resources */ = {isa = PBXBuildFile; fileRef = 1F36DC33250CE24E0078BC4A /* Assets.xcassets */; };
		1F36DC37250CE24E0078BC4A /* LaunchScreen.storyboard in Resources */ = {isa = PBXBuildFile; fileRef = 1F36DC35250CE24E0078BC4A /* LaunchScreen.storyboard */; };
		1F36DC42250CE24E0078BC4A /* TestCalendarTests.swift in Sources */ = {isa = PBXBuildFile; fileRef = 1F36DC41250CE24E0078BC4A /* TestCalendarTests.swift */; };
		1F36DC50250CE3370078BC4A /* HomeViewController.swift in Sources */ = {isa = PBXBuildFile; fileRef = 1F36DC4F250CE3370078BC4A /* HomeViewController.swift */; };
		1F36DC52250CE3AC0078BC4A /* BaseViewController.swift in Sources */ = {isa = PBXBuildFile; fileRef = 1F36DC51250CE3AC0078BC4A /* BaseViewController.swift */; };
		1F6718FB250CE5F200F4832C /* UIViewExtension.swift in Sources */ = {isa = PBXBuildFile; fileRef = 1F6718FA250CE5F200F4832C /* UIViewExtension.swift */; };
		1F6718FD250CE63900F4832C /* UIColorExtension.swift in Sources */ = {isa = PBXBuildFile; fileRef = 1F6718FC250CE63900F4832C /* UIColorExtension.swift */; };
		1F671900250CEB2000F4832C /* MonthView.swift in Sources */ = {isa = PBXBuildFile; fileRef = 1F6718FF250CEB2000F4832C /* MonthView.swift */; };
		1F671903250CEC1800F4832C /* PickDateViewController.swift in Sources */ = {isa = PBXBuildFile; fileRef = 1F671902250CEC1800F4832C /* PickDateViewController.swift */; };
		1F671906250CF50A00F4832C /* Day.swift in Sources */ = {isa = PBXBuildFile; fileRef = 1F671905250CF50A00F4832C /* Day.swift */; };
		1F671908250CF96A00F4832C /* MonthData.swift in Sources */ = {isa = PBXBuildFile; fileRef = 1F671907250CF96A00F4832C /* MonthData.swift */; };
		1F67190B250CFBBA00F4832C /* Enums.swift in Sources */ = {isa = PBXBuildFile; fileRef = 1F67190A250CFBBA00F4832C /* Enums.swift */; };
		1F67190D250D001300F4832C /* MonthDataManager.swift in Sources */ = {isa = PBXBuildFile; fileRef = 1F67190C250D001300F4832C /* MonthDataManager.swift */; };
		1F67190F250D09C300F4832C /* MonthCollectionViewCell.swift in Sources */ = {isa = PBXBuildFile; fileRef = 1F67190E250D09C300F4832C /* MonthCollectionViewCell.swift */; };
		1F671911250E548F00F4832C /* DateInfoView.swift in Sources */ = {isa = PBXBuildFile; fileRef = 1F671910250E548F00F4832C /* DateInfoView.swift */; };
/* End PBXBuildFile section */

/* Begin PBXContainerItemProxy section */
		1F36DC3E250CE24E0078BC4A /* PBXContainerItemProxy */ = {
			isa = PBXContainerItemProxy;
			containerPortal = 1F36DC1F250CE24B0078BC4A /* Project object */;
			proxyType = 1;
			remoteGlobalIDString = 1F36DC26250CE24B0078BC4A;
			remoteInfo = TestCalendar;
		};
/* End PBXContainerItemProxy section */

/* Begin PBXFileReference section */
		1F36DC27250CE24B0078BC4A /* TestCalendar.app */ = {isa = PBXFileReference; explicitFileType = wrapper.application; includeInIndex = 0; path = TestCalendar.app; sourceTree = BUILT_PRODUCTS_DIR; };
		1F36DC2A250CE24B0078BC4A /* AppDelegate.swift */ = {isa = PBXFileReference; lastKnownFileType = sourcecode.swift; path = AppDelegate.swift; sourceTree = "<group>"; };
		1F36DC2C250CE24B0078BC4A /* SceneDelegate.swift */ = {isa = PBXFileReference; lastKnownFileType = sourcecode.swift; path = SceneDelegate.swift; sourceTree = "<group>"; };
		1F36DC33250CE24E0078BC4A /* Assets.xcassets */ = {isa = PBXFileReference; lastKnownFileType = folder.assetcatalog; path = Assets.xcassets; sourceTree = "<group>"; };
		1F36DC36250CE24E0078BC4A /* Base */ = {isa = PBXFileReference; lastKnownFileType = file.storyboard; name = Base; path = Base.lproj/LaunchScreen.storyboard; sourceTree = "<group>"; };
		1F36DC38250CE24E0078BC4A /* Info.plist */ = {isa = PBXFileReference; lastKnownFileType = text.plist.xml; path = Info.plist; sourceTree = "<group>"; };
		1F36DC3D250CE24E0078BC4A /* TestCalendarTests.xctest */ = {isa = PBXFileReference; explicitFileType = wrapper.cfbundle; includeInIndex = 0; path = TestCalendarTests.xctest; sourceTree = BUILT_PRODUCTS_DIR; };
		1F36DC41250CE24E0078BC4A /* TestCalendarTests.swift */ = {isa = PBXFileReference; lastKnownFileType = sourcecode.swift; path = TestCalendarTests.swift; sourceTree = "<group>"; };
		1F36DC43250CE24E0078BC4A /* Info.plist */ = {isa = PBXFileReference; lastKnownFileType = text.plist.xml; path = Info.plist; sourceTree = "<group>"; };
		1F36DC4F250CE3370078BC4A /* HomeViewController.swift */ = {isa = PBXFileReference; lastKnownFileType = sourcecode.swift; path = HomeViewController.swift; sourceTree = "<group>"; };
		1F36DC51250CE3AC0078BC4A /* BaseViewController.swift */ = {isa = PBXFileReference; lastKnownFileType = sourcecode.swift; path = BaseViewController.swift; sourceTree = "<group>"; };
		1F6718FA250CE5F200F4832C /* UIViewExtension.swift */ = {isa = PBXFileReference; lastKnownFileType = sourcecode.swift; path = UIViewExtension.swift; sourceTree = "<group>"; };
		1F6718FC250CE63900F4832C /* UIColorExtension.swift */ = {isa = PBXFileReference; lastKnownFileType = sourcecode.swift; path = UIColorExtension.swift; sourceTree = "<group>"; };
		1F6718FF250CEB2000F4832C /* MonthView.swift */ = {isa = PBXFileReference; lastKnownFileType = sourcecode.swift; path = MonthView.swift; sourceTree = "<group>"; };
		1F671902250CEC1800F4832C /* PickDateViewController.swift */ = {isa = PBXFileReference; lastKnownFileType = sourcecode.swift; path = PickDateViewController.swift; sourceTree = "<group>"; };
		1F671905250CF50A00F4832C /* Day.swift */ = {isa = PBXFileReference; lastKnownFileType = sourcecode.swift; path = Day.swift; sourceTree = "<group>"; };
		1F671907250CF96A00F4832C /* MonthData.swift */ = {isa = PBXFileReference; lastKnownFileType = sourcecode.swift; path = MonthData.swift; sourceTree = "<group>"; };
		1F67190A250CFBBA00F4832C /* Enums.swift */ = {isa = PBXFileReference; lastKnownFileType = sourcecode.swift; path = Enums.swift; sourceTree = "<group>"; };
		1F67190C250D001300F4832C /* MonthDataManager.swift */ = {isa = PBXFileReference; lastKnownFileType = sourcecode.swift; path = MonthDataManager.swift; sourceTree = "<group>"; };
		1F67190E250D09C300F4832C /* MonthCollectionViewCell.swift */ = {isa = PBXFileReference; lastKnownFileType = sourcecode.swift; path = MonthCollectionViewCell.swift; sourceTree = "<group>"; };
		1F671910250E548F00F4832C /* DateInfoView.swift */ = {isa = PBXFileReference; lastKnownFileType = sourcecode.swift; path = DateInfoView.swift; sourceTree = "<group>"; };
/* End PBXFileReference section */

/* Begin PBXFrameworksBuildPhase section */
		1F36DC24250CE24B0078BC4A /* Frameworks */ = {
			isa = PBXFrameworksBuildPhase;
			buildActionMask = 2147483647;
			files = (
			);
			runOnlyForDeploymentPostprocessing = 0;
		};
		1F36DC3A250CE24E0078BC4A /* Frameworks */ = {
			isa = PBXFrameworksBuildPhase;
			buildActionMask = 2147483647;
			files = (
			);
			runOnlyForDeploymentPostprocessing = 0;
		};
/* End PBXFrameworksBuildPhase section */

/* Begin PBXGroup section */
		1F36DC1E250CE24B0078BC4A = {
			isa = PBXGroup;
			children = (
				1F36DC29250CE24B0078BC4A /* TestCalendar */,
				1F36DC40250CE24E0078BC4A /* TestCalendarTests */,
				1F36DC28250CE24B0078BC4A /* Products */,
			);
			sourceTree = "<group>";
		};
		1F36DC28250CE24B0078BC4A /* Products */ = {
			isa = PBXGroup;
			children = (
				1F36DC27250CE24B0078BC4A /* TestCalendar.app */,
				1F36DC3D250CE24E0078BC4A /* TestCalendarTests.xctest */,
			);
			name = Products;
			sourceTree = "<group>";
		};
		1F36DC29250CE24B0078BC4A /* TestCalendar */ = {
			isa = PBXGroup;
			children = (
				1F671909250CFBB200F4832C /* Enum */,
				1F671904250CF2B900F4832C /* Models */,
				1F6718FE250CEB1200F4832C /* View */,
				1F6718F9250CE5D300F4832C /* Extensions */,
				1F36DC4E250CE2E80078BC4A /* Scenes */,
				1F36DC2A250CE24B0078BC4A /* AppDelegate.swift */,
				1F36DC2C250CE24B0078BC4A /* SceneDelegate.swift */,
				1F67190C250D001300F4832C /* MonthDataManager.swift */,
				1F36DC33250CE24E0078BC4A /* Assets.xcassets */,
				1F36DC35250CE24E0078BC4A /* LaunchScreen.storyboard */,
				1F36DC38250CE24E0078BC4A /* Info.plist */,
			);
			path = TestCalendar;
			sourceTree = "<group>";
		};
		1F36DC40250CE24E0078BC4A /* TestCalendarTests */ = {
			isa = PBXGroup;
			children = (
				1F36DC41250CE24E0078BC4A /* TestCalendarTests.swift */,
				1F36DC43250CE24E0078BC4A /* Info.plist */,
			);
			path = TestCalendarTests;
			sourceTree = "<group>";
		};
		1F36DC4E250CE2E80078BC4A /* Scenes */ = {
			isa = PBXGroup;
			children = (
				1F671901250CEC0800F4832C /* PickDate */,
				1F36DC51250CE3AC0078BC4A /* BaseViewController.swift */,
				1F36DC53250CE3CC0078BC4A /* Home */,
			);
			path = Scenes;
			sourceTree = "<group>";
		};
		1F36DC53250CE3CC0078BC4A /* Home */ = {
			isa = PBXGroup;
			children = (
				1F36DC4F250CE3370078BC4A /* HomeViewController.swift */,
			);
			path = Home;
			sourceTree = "<group>";
		};
		1F6718F9250CE5D300F4832C /* Extensions */ = {
			isa = PBXGroup;
			children = (
				1F6718FA250CE5F200F4832C /* UIViewExtension.swift */,
				1F6718FC250CE63900F4832C /* UIColorExtension.swift */,
			);
			path = Extensions;
			sourceTree = "<group>";
		};
		1F6718FE250CEB1200F4832C /* View */ = {
			isa = PBXGroup;
			children = (
				1F6718FF250CEB2000F4832C /* MonthView.swift */,
				1F67190E250D09C300F4832C /* MonthCollectionViewCell.swift */,
				1F671910250E548F00F4832C /* DateInfoView.swift */,
			);
			path = View;
			sourceTree = "<group>";
		};
		1F671901250CEC0800F4832C /* PickDate */ = {
			isa = PBXGroup;
			children = (
				1F671902250CEC1800F4832C /* PickDateViewController.swift */,
			);
			path = PickDate;
			sourceTree = "<group>";
		};
		1F671904250CF2B900F4832C /* Models */ = {
			isa = PBXGroup;
			children = (
				1F671905250CF50A00F4832C /* Day.swift */,
				1F671907250CF96A00F4832C /* MonthData.swift */,
			);
			path = Models;
			sourceTree = "<group>";
		};
		1F671909250CFBB200F4832C /* Enum */ = {
			isa = PBXGroup;
			children = (
				1F67190A250CFBBA00F4832C /* Enums.swift */,
			);
			path = Enum;
			sourceTree = "<group>";
		};
/* End PBXGroup section */

/* Begin PBXNativeTarget section */
		1F36DC26250CE24B0078BC4A /* TestCalendar */ = {
			isa = PBXNativeTarget;
			buildConfigurationList = 1F36DC46250CE24E0078BC4A /* Build configuration list for PBXNativeTarget "TestCalendar" */;
			buildPhases = (
				1F36DC23250CE24B0078BC4A /* Sources */,
				1F36DC24250CE24B0078BC4A /* Frameworks */,
				1F36DC25250CE24B0078BC4A /* Resources */,
			);
			buildRules = (
			);
			dependencies = (
			);
			name = TestCalendar;
			productName = TestCalendar;
			productReference = 1F36DC27250CE24B0078BC4A /* TestCalendar.app */;
			productType = "com.apple.product-type.application";
		};
		1F36DC3C250CE24E0078BC4A /* TestCalendarTests */ = {
			isa = PBXNativeTarget;
			buildConfigurationList = 1F36DC49250CE24E0078BC4A /* Build configuration list for PBXNativeTarget "TestCalendarTests" */;
			buildPhases = (
				1F36DC39250CE24E0078BC4A /* Sources */,
				1F36DC3A250CE24E0078BC4A /* Frameworks */,
				1F36DC3B250CE24E0078BC4A /* Resources */,
			);
			buildRules = (
			);
			dependencies = (
				1F36DC3F250CE24E0078BC4A /* PBXTargetDependency */,
			);
			name = TestCalendarTests;
			productName = TestCalendarTests;
			productReference = 1F36DC3D250CE24E0078BC4A /* TestCalendarTests.xctest */;
			productType = "com.apple.product-type.bundle.unit-test";
		};
/* End PBXNativeTarget section */

/* Begin PBXProject section */
		1F36DC1F250CE24B0078BC4A /* Project object */ = {
			isa = PBXProject;
			attributes = {
				LastSwiftUpdateCheck = 1170;
				LastUpgradeCheck = 1170;
				ORGANIZATIONNAME = "Ugur Eratalar";
				TargetAttributes = {
					1F36DC26250CE24B0078BC4A = {
						CreatedOnToolsVersion = 11.7;
					};
					1F36DC3C250CE24E0078BC4A = {
						CreatedOnToolsVersion = 11.7;
						TestTargetID = 1F36DC26250CE24B0078BC4A;
					};
				};
			};
			buildConfigurationList = 1F36DC22250CE24B0078BC4A /* Build configuration list for PBXProject "TestCalendar" */;
			compatibilityVersion = "Xcode 9.3";
			developmentRegion = en;
			hasScannedForEncodings = 0;
			knownRegions = (
				en,
				Base,
			);
			mainGroup = 1F36DC1E250CE24B0078BC4A;
			productRefGroup = 1F36DC28250CE24B0078BC4A /* Products */;
			projectDirPath = "";
			projectRoot = "";
			targets = (
				1F36DC26250CE24B0078BC4A /* TestCalendar */,
				1F36DC3C250CE24E0078BC4A /* TestCalendarTests */,
			);
		};
/* End PBXProject section */

/* Begin PBXResourcesBuildPhase section */
		1F36DC25250CE24B0078BC4A /* Resources */ = {
			isa = PBXResourcesBuildPhase;
			buildActionMask = 2147483647;
			files = (
				1F36DC37250CE24E0078BC4A /* LaunchScreen.storyboard in Resources */,
				1F36DC34250CE24E0078BC4A /* Assets.xcassets in Resources */,
			);
			runOnlyForDeploymentPostprocessing = 0;
		};
		1F36DC3B250CE24E0078BC4A /* Resources */ = {
			isa = PBXResourcesBuildPhase;
			buildActionMask = 2147483647;
			files = (
			);
			runOnlyForDeploymentPostprocessing = 0;
		};
/* End PBXResourcesBuildPhase section */

/* Begin PBXSourcesBuildPhase section */
		1F36DC23250CE24B0078BC4A /* Sources */ = {
			isa = PBXSourcesBuildPhase;
			buildActionMask = 2147483647;
			files = (
				1F6718FB250CE5F200F4832C /* UIViewExtension.swift in Sources */,
				1F6718FD250CE63900F4832C /* UIColorExtension.swift in Sources */,
				1F671911250E548F00F4832C /* DateInfoView.swift in Sources */,
				1F36DC52250CE3AC0078BC4A /* BaseViewController.swift in Sources */,
				1F671903250CEC1800F4832C /* PickDateViewController.swift in Sources */,
				1F67190D250D001300F4832C /* MonthDataManager.swift in Sources */,
				1F67190F250D09C300F4832C /* MonthCollectionViewCell.swift in Sources */,
				1F671908250CF96A00F4832C /* MonthData.swift in Sources */,
				1F36DC2B250CE24B0078BC4A /* AppDelegate.swift in Sources */,
				1F671906250CF50A00F4832C /* Day.swift in Sources */,
				1F36DC2D250CE24B0078BC4A /* SceneDelegate.swift in Sources */,
				1F36DC50250CE3370078BC4A /* HomeViewController.swift in Sources */,
				1F671900250CEB2000F4832C /* MonthView.swift in Sources */,
				1F67190B250CFBBA00F4832C /* Enums.swift in Sources */,
			);
			runOnlyForDeploymentPostprocessing = 0;
		};
		1F36DC39250CE24E0078BC4A /* Sources */ = {
			isa = PBXSourcesBuildPhase;
			buildActionMask = 2147483647;
			files = (
				1F36DC42250CE24E0078BC4A /* TestCalendarTests.swift in Sources */,
			);
			runOnlyForDeploymentPostprocessing = 0;
		};
/* End PBXSourcesBuildPhase section */

/* Begin PBXTargetDependency section */
		1F36DC3F250CE24E0078BC4A /* PBXTargetDependency */ = {
			isa = PBXTargetDependency;
			target = 1F36DC26250CE24B0078BC4A /* TestCalendar */;
			targetProxy = 1F36DC3E250CE24E0078BC4A /* PBXContainerItemProxy */;
		};
/* End PBXTargetDependency section */

/* Begin PBXVariantGroup section */
		1F36DC35250CE24E0078BC4A /* LaunchScreen.storyboard */ = {
			isa = PBXVariantGroup;
			children = (
				1F36DC36250CE24E0078BC4A /* Base */,
			);
			name = LaunchScreen.storyboard;
			sourceTree = "<group>";
		};
/* End PBXVariantGroup section */

/* Begin XCBuildConfiguration section */
		1F36DC44250CE24E0078BC4A /* Debug */ = {
			isa = XCBuildConfiguration;
			buildSettings = {
				ALWAYS_SEARCH_USER_PATHS = NO;
				CLANG_ANALYZER_NONNULL = YES;
				CLANG_ANALYZER_NUMBER_OBJECT_CONVERSION = YES_AGGRESSIVE;
				CLANG_CXX_LANGUAGE_STANDARD = "gnu++14";
				CLANG_CXX_LIBRARY = "libc++";
				CLANG_ENABLE_MODULES = YES;
				CLANG_ENABLE_OBJC_ARC = YES;
				CLANG_ENABLE_OBJC_WEAK = YES;
				CLANG_WARN_BLOCK_CAPTURE_AUTORELEASING = YES;
				CLANG_WARN_BOOL_CONVERSION = YES;
				CLANG_WARN_COMMA = YES;
				CLANG_WARN_CONSTANT_CONVERSION = YES;
				CLANG_WARN_DEPRECATED_OBJC_IMPLEMENTATIONS = YES;
				CLANG_WARN_DIRECT_OBJC_ISA_USAGE = YES_ERROR;
				CLANG_WARN_DOCUMENTATION_COMMENTS = YES;
				CLANG_WARN_EMPTY_BODY = YES;
				CLANG_WARN_ENUM_CONVERSION = YES;
				CLANG_WARN_INFINITE_RECURSION = YES;
				CLANG_WARN_INT_CONVERSION = YES;
				CLANG_WARN_NON_LITERAL_NULL_CONVERSION = YES;
				CLANG_WARN_OBJC_IMPLICIT_RETAIN_SELF = YES;
				CLANG_WARN_OBJC_LITERAL_CONVERSION = YES;
				CLANG_WARN_OBJC_ROOT_CLASS = YES_ERROR;
				CLANG_WARN_RANGE_LOOP_ANALYSIS = YES;
				CLANG_WARN_STRICT_PROTOTYPES = YES;
				CLANG_WARN_SUSPICIOUS_MOVE = YES;
				CLANG_WARN_UNGUARDED_AVAILABILITY = YES_AGGRESSIVE;
				CLANG_WARN_UNREACHABLE_CODE = YES;
				CLANG_WARN__DUPLICATE_METHOD_MATCH = YES;
				COPY_PHASE_STRIP = NO;
				DEBUG_INFORMATION_FORMAT = dwarf;
				ENABLE_STRICT_OBJC_MSGSEND = YES;
				ENABLE_TESTABILITY = YES;
				GCC_C_LANGUAGE_STANDARD = gnu11;
				GCC_DYNAMIC_NO_PIC = NO;
				GCC_NO_COMMON_BLOCKS = YES;
				GCC_OPTIMIZATION_LEVEL = 0;
				GCC_PREPROCESSOR_DEFINITIONS = (
					"DEBUG=1",
					"$(inherited)",
				);
				GCC_WARN_64_TO_32_BIT_CONVERSION = YES;
				GCC_WARN_ABOUT_RETURN_TYPE = YES_ERROR;
				GCC_WARN_UNDECLARED_SELECTOR = YES;
				GCC_WARN_UNINITIALIZED_AUTOS = YES_AGGRESSIVE;
				GCC_WARN_UNUSED_FUNCTION = YES;
				GCC_WARN_UNUSED_VARIABLE = YES;
				IPHONEOS_DEPLOYMENT_TARGET = 13.7;
				MTL_ENABLE_DEBUG_INFO = INCLUDE_SOURCE;
				MTL_FAST_MATH = YES;
				ONLY_ACTIVE_ARCH = YES;
				SDKROOT = iphoneos;
				SWIFT_ACTIVE_COMPILATION_CONDITIONS = DEBUG;
				SWIFT_OPTIMIZATION_LEVEL = "-Onone";
			};
			name = Debug;
		};
		1F36DC45250CE24E0078BC4A /* Release */ = {
			isa = XCBuildConfiguration;
			buildSettings = {
				ALWAYS_SEARCH_USER_PATHS = NO;
				CLANG_ANALYZER_NONNULL = YES;
				CLANG_ANALYZER_NUMBER_OBJECT_CONVERSION = YES_AGGRESSIVE;
				CLANG_CXX_LANGUAGE_STANDARD = "gnu++14";
				CLANG_CXX_LIBRARY = "libc++";
				CLANG_ENABLE_MODULES = YES;
				CLANG_ENABLE_OBJC_ARC = YES;
				CLANG_ENABLE_OBJC_WEAK = YES;
				CLANG_WARN_BLOCK_CAPTURE_AUTORELEASING = YES;
				CLANG_WARN_BOOL_CONVERSION = YES;
				CLANG_WARN_COMMA = YES;
				CLANG_WARN_CONSTANT_CONVERSION = YES;
				CLANG_WARN_DEPRECATED_OBJC_IMPLEMENTATIONS = YES;
				CLANG_WARN_DIRECT_OBJC_ISA_USAGE = YES_ERROR;
				CLANG_WARN_DOCUMENTATION_COMMENTS = YES;
				CLANG_WARN_EMPTY_BODY = YES;
				CLANG_WARN_ENUM_CONVERSION = YES;
				CLANG_WARN_INFINITE_RECURSION = YES;
				CLANG_WARN_INT_CONVERSION = YES;
				CLANG_WARN_NON_LITERAL_NULL_CONVERSION = YES;
				CLANG_WARN_OBJC_IMPLICIT_RETAIN_SELF = YES;
				CLANG_WARN_OBJC_LITERAL_CONVERSION = YES;
				CLANG_WARN_OBJC_ROOT_CLASS = YES_ERROR;
				CLANG_WARN_RANGE_LOOP_ANALYSIS = YES;
				CLANG_WARN_STRICT_PROTOTYPES = YES;
				CLANG_WARN_SUSPICIOUS_MOVE = YES;
				CLANG_WARN_UNGUARDED_AVAILABILITY = YES_AGGRESSIVE;
				CLANG_WARN_UNREACHABLE_CODE = YES;
				CLANG_WARN__DUPLICATE_METHOD_MATCH = YES;
				COPY_PHASE_STRIP = NO;
				DEBUG_INFORMATION_FORMAT = "dwarf-with-dsym";
				ENABLE_NS_ASSERTIONS = NO;
				ENABLE_STRICT_OBJC_MSGSEND = YES;
				GCC_C_LANGUAGE_STANDARD = gnu11;
				GCC_NO_COMMON_BLOCKS = YES;
				GCC_WARN_64_TO_32_BIT_CONVERSION = YES;
				GCC_WARN_ABOUT_RETURN_TYPE = YES_ERROR;
				GCC_WARN_UNDECLARED_SELECTOR = YES;
				GCC_WARN_UNINITIALIZED_AUTOS = YES_AGGRESSIVE;
				GCC_WARN_UNUSED_FUNCTION = YES;
				GCC_WARN_UNUSED_VARIABLE = YES;
				IPHONEOS_DEPLOYMENT_TARGET = 13.7;
				MTL_ENABLE_DEBUG_INFO = NO;
				MTL_FAST_MATH = YES;
				SDKROOT = iphoneos;
				SWIFT_COMPILATION_MODE = wholemodule;
				SWIFT_OPTIMIZATION_LEVEL = "-O";
				VALIDATE_PRODUCT = YES;
			};
			name = Release;
		};
		1F36DC47250CE24E0078BC4A /* Debug */ = {
			isa = XCBuildConfiguration;
			buildSettings = {
				ASSETCATALOG_COMPILER_APPICON_NAME = AppIcon;
				CODE_SIGN_STYLE = Automatic;
				DEVELOPMENT_TEAM = 75S2KJNBB7;
				INFOPLIST_FILE = TestCalendar/Info.plist;
				LD_RUNPATH_SEARCH_PATHS = (
					"$(inherited)",
					"@executable_path/Frameworks",
				);
				PRODUCT_BUNDLE_IDENTIFIER = com.ugureratalar.TestCalendar;
				PRODUCT_NAME = "$(TARGET_NAME)";
				SWIFT_VERSION = 5.0;
				TARGETED_DEVICE_FAMILY = 1;
			};
			name = Debug;
		};
		1F36DC48250CE24E0078BC4A /* Release */ = {
			isa = XCBuildConfiguration;
			buildSettings = {
				ASSETCATALOG_COMPILER_APPICON_NAME = AppIcon;
				CODE_SIGN_STYLE = Automatic;
				DEVELOPMENT_TEAM = 75S2KJNBB7;
				INFOPLIST_FILE = TestCalendar/Info.plist;
				LD_RUNPATH_SEARCH_PATHS = (
					"$(inherited)",
					"@executable_path/Frameworks",
				);
				PRODUCT_BUNDLE_IDENTIFIER = com.ugureratalar.TestCalendar;
				PRODUCT_NAME = "$(TARGET_NAME)";
				SWIFT_VERSION = 5.0;
				TARGETED_DEVICE_FAMILY = 1;
			};
			name = Release;
		};
		1F36DC4A250CE24E0078BC4A /* Debug */ = {
			isa = XCBuildConfiguration;
			buildSettings = {
				ALWAYS_EMBED_SWIFT_STANDARD_LIBRARIES = YES;
				BUNDLE_LOADER = "$(TEST_HOST)";
				CODE_SIGN_STYLE = Automatic;
				DEVELOPMENT_TEAM = 75S2KJNBB7;
				INFOPLIST_FILE = TestCalendarTests/Info.plist;
				IPHONEOS_DEPLOYMENT_TARGET = 13.7;
				LD_RUNPATH_SEARCH_PATHS = (
					"$(inherited)",
					"@executable_path/Frameworks",
					"@loader_path/Frameworks",
				);
				PRODUCT_BUNDLE_IDENTIFIER = com.ugureratalar.TestCalendarTests;
				PRODUCT_NAME = "$(TARGET_NAME)";
				SWIFT_VERSION = 5.0;
				TARGETED_DEVICE_FAMILY = "1,2";
				TEST_HOST = "$(BUILT_PRODUCTS_DIR)/TestCalendar.app/TestCalendar";
			};
			name = Debug;
		};
		1F36DC4B250CE24E0078BC4A /* Release */ = {
			isa = XCBuildConfiguration;
			buildSettings = {
				ALWAYS_EMBED_SWIFT_STANDARD_LIBRARIES = YES;
				BUNDLE_LOADER = "$(TEST_HOST)";
				CODE_SIGN_STYLE = Automatic;
				DEVELOPMENT_TEAM = 75S2KJNBB7;
				INFOPLIST_FILE = TestCalendarTests/Info.plist;
				IPHONEOS_DEPLOYMENT_TARGET = 13.7;
				LD_RUNPATH_SEARCH_PATHS = (
					"$(inherited)",
					"@executable_path/Frameworks",
					"@loader_path/Frameworks",
				);
				PRODUCT_BUNDLE_IDENTIFIER = com.ugureratalar.TestCalendarTests;
				PRODUCT_NAME = "$(TARGET_NAME)";
				SWIFT_VERSION = 5.0;
				TARGETED_DEVICE_FAMILY = "1,2";
				TEST_HOST = "$(BUILT_PRODUCTS_DIR)/TestCalendar.app/TestCalendar";
			};
			name = Release;
		};
/* End XCBuildConfiguration section */

/* Begin XCConfigurationList section */
		1F36DC22250CE24B0078BC4A /* Build configuration list for PBXProject "TestCalendar" */ = {
			isa = XCConfigurationList;
			buildConfigurations = (
				1F36DC44250CE24E0078BC4A /* Debug */,
				1F36DC45250CE24E0078BC4A /* Release */,
			);
			defaultConfigurationIsVisible = 0;
			defaultConfigurationName = Release;
		};
		1F36DC46250CE24E0078BC4A /* Build configuration list for PBXNativeTarget "TestCalendar" */ = {
			isa = XCConfigurationList;
			buildConfigurations = (
				1F36DC47250CE24E0078BC4A /* Debug */,
				1F36DC48250CE24E0078BC4A /* Release */,
			);
			defaultConfigurationIsVisible = 0;
			defaultConfigurationName = Release;
		};
		1F36DC49250CE24E0078BC4A /* Build configuration list for PBXNativeTarget "TestCalendarTests" */ = {
			isa = XCConfigurationList;
			buildConfigurations = (
				1F36DC4A250CE24E0078BC4A /* Debug */,
				1F36DC4B250CE24E0078BC4A /* Release */,
			);
			defaultConfigurationIsVisible = 0;
			defaultConfigurationName = Release;
		};
/* End XCConfigurationList section */
	};
	rootObject = 1F36DC1F250CE24B0078BC4A /* Project object */;
}
